
Microsoft Visual Studio Solution File, Format Version 12.00
# Visual Studio 15
VisualStudioVersion = 15.0.28010.2019
MinimumVisualStudioVersion = 10.0.40219.1
Project("{FAE04EC0-301F-11D3-BF4B-00C04F79EFBC}") = "Comment", "Comment\Comment.csproj", "{A68A26D5-7507-4F08-8B33-15F56E29FBF6}"
EndProject
Global
	GlobalSection(SolutionConfigurationPlatforms) = preSolution
		Debug|Any CPU = Debug|Any CPU
		Release|Any CPU = Release|Any CPU
	EndGlobalSection
	GlobalSection(ProjectConfigurationPlatforms) = postSolution
		{A68A26D5-7507-4F08-8B33-15F56E29FBF6}.Debug|Any CPU.ActiveCfg = Debug|Any CPU
		{A68A26D5-7507-4F08-8B33-15F56E29FBF6}.Debug|Any CPU.Build.0 = Debug|Any CPU
		{A68A26D5-7507-4F08-8B33-15F56E29FBF6}.Release|Any CPU.ActiveCfg = Release|Any CPU
		{A68A26D5-7507-4F08-8B33-15F56E29FBF6}.Release|Any CPU.Build.0 = Release|Any CPU
	EndGlobalSection
	GlobalSection(SolutionProperties) = preSolution
		HideSolutionNode = FALSE
	EndGlobalSection
	GlobalSection(ExtensibilityGlobals) = postSolution
		SolutionGuid = {FAAB7C24-6F42-43CD-B50C-6211322F0817}
	EndGlobalSection
EndGlobal
